# This file is automatically @generated by Cargo.
# It is not intended for manual editing.
version = 4

[[package]]
name = "boot"
version = "0.1.0"
dependencies = [
 "elf",
]

[[package]]
name = "elf"
version = "0.1.0"

[[package]]
name = "kernel"
version = "0.1.0"
dependencies = [
 "memory",
 "page",
 "syscall",
 "trap",
]

[[package]]
name = "memory"
version = "0.1.0"

[[package]]
name = "page"
version = "0.1.0"

[[package]]
name = "syscall"
version = "0.1.0"

[[package]]
name = "trap"
version = "0.1.0"

[[package]]
name = "user"
version = "0.1.0"

[[package]]
name = "xtask"
version = "0.1.0"
